{
	"name": "z2m-external-converter-dev",
	"version": "1.0.0",
	"lockfileVersion": 3,
	"requires": true,
	"packages": {
		"": {
			"name": "z2m-external-converter-dev",
			"version": "1.0.0",
			"license": "GPL-3.0-or-later",
			"dependencies": {
				"zigbee-herdsman": "^4.1.1",
				"zigbee-herdsman-converters": "^23.58.0"
			},
			"devDependencies": {
				"@biomejs/biome": "^1.9.4"
			}
		},
		"node_modules/@biomejs/biome": {
			"version": "1.9.4",
			"resolved": "https://registry.npmjs.org/@biomejs/biome/-/biome-1.9.4.tgz",
			"integrity": "sha512-1rkd7G70+o9KkTn5KLmDYXihGoTaIGO9PIIN2ZB7UJxFrWw04CZHPYiMRjYsaDvVV7hP1dYNRLxSANLaBFGpog==",
			"dev": true,
			"hasInstallScript": true,
			"license": "MIT OR Apache-2.0",
			"bin": {
				"biome": "bin/biome"
			},
			"engines": {
				"node": ">=14.21.3"
			},
			"funding": {
				"type": "opencollective",
				"url": "https://opencollective.com/biome"
			},
			"optionalDependencies": {
				"@biomejs/cli-darwin-arm64": "1.9.4",
				"@biomejs/cli-darwin-x64": "1.9.4",
				"@biomejs/cli-linux-arm64": "1.9.4",
				"@biomejs/cli-linux-arm64-musl": "1.9.4",
				"@biomejs/cli-linux-x64": "1.9.4",
				"@biomejs/cli-linux-x64-musl": "1.9.4",
				"@biomejs/cli-win32-arm64": "1.9.4",
				"@biomejs/cli-win32-x64": "1.9.4"
			}
		},
		"node_modules/@biomejs/cli-darwin-arm64": {
			"version": "1.9.4",
			"resolved": "https://registry.npmjs.org/@biomejs/cli-darwin-arm64/-/cli-darwin-arm64-1.9.4.tgz",
			"integrity": "sha512-bFBsPWrNvkdKrNCYeAp+xo2HecOGPAy9WyNyB/jKnnedgzl4W4Hb9ZMzYNbf8dMCGmUdSavlYHiR01QaYR58cw==",
			"cpu": [
				"arm64"
			],
			"dev": true,
			"license": "MIT OR Apache-2.0",
			"optional": true,
			"os": [
				"darwin"
			],
			"engines": {
				"node": ">=14.21.3"
			}
		},
		"node_modules/@biomejs/cli-darwin-x64": {
			"version": "1.9.4",
			"resolved": "https://registry.npmjs.org/@biomejs/cli-darwin-x64/-/cli-darwin-x64-1.9.4.tgz",
			"integrity": "sha512-ngYBh/+bEedqkSevPVhLP4QfVPCpb+4BBe2p7Xs32dBgs7rh9nY2AIYUL6BgLw1JVXV8GlpKmb/hNiuIxfPfZg==",
			"cpu": [
				"x64"
			],
			"dev": true,
			"license": "MIT OR Apache-2.0",
			"optional": true,
			"os": [
				"darwin"
			],
			"engines": {
				"node": ">=14.21.3"
			}
		},
		"node_modules/@biomejs/cli-linux-arm64": {
			"version": "1.9.4",
			"resolved": "https://registry.npmjs.org/@biomejs/cli-linux-arm64/-/cli-linux-arm64-1.9.4.tgz",
			"integrity": "sha512-fJIW0+LYujdjUgJJuwesP4EjIBl/N/TcOX3IvIHJQNsAqvV2CHIogsmA94BPG6jZATS4Hi+xv4SkBBQSt1N4/g==",
			"cpu": [
				"arm64"
			],
			"dev": true,
			"license": "MIT OR Apache-2.0",
			"optional": true,
			"os": [
				"linux"
			],
			"engines": {
				"node": ">=14.21.3"
			}
		},
		"node_modules/@biomejs/cli-linux-arm64-musl": {
			"version": "1.9.4",
			"resolved": "https://registry.npmjs.org/@biomejs/cli-linux-arm64-musl/-/cli-linux-arm64-musl-1.9.4.tgz",
			"integrity": "sha512-v665Ct9WCRjGa8+kTr0CzApU0+XXtRgwmzIf1SeKSGAv+2scAlW6JR5PMFo6FzqqZ64Po79cKODKf3/AAmECqA==",
			"cpu": [
				"arm64"
			],
			"dev": true,
			"license": "MIT OR Apache-2.0",
			"optional": true,
			"os": [
				"linux"
			],
			"engines": {
				"node": ">=14.21.3"
			}
		},
		"node_modules/@biomejs/cli-linux-x64": {
			"version": "1.9.4",
			"resolved": "https://registry.npmjs.org/@biomejs/cli-linux-x64/-/cli-linux-x64-1.9.4.tgz",
			"integrity": "sha512-lRCJv/Vi3Vlwmbd6K+oQ0KhLHMAysN8lXoCI7XeHlxaajk06u7G+UsFSO01NAs5iYuWKmVZjmiOzJ0OJmGsMwg==",
			"cpu": [
				"x64"
			],
			"dev": true,
			"license": "MIT OR Apache-2.0",
			"optional": true,
			"os": [
				"linux"
			],
			"engines": {
				"node": ">=14.21.3"
			}
		},
		"node_modules/@biomejs/cli-linux-x64-musl": {
			"version": "1.9.4",
			"resolved": "https://registry.npmjs.org/@biomejs/cli-linux-x64-musl/-/cli-linux-x64-musl-1.9.4.tgz",
			"integrity": "sha512-gEhi/jSBhZ2m6wjV530Yy8+fNqG8PAinM3oV7CyO+6c3CEh16Eizm21uHVsyVBEB6RIM8JHIl6AGYCv6Q6Q9Tg==",
			"cpu": [
				"x64"
			],
			"dev": true,
			"license": "MIT OR Apache-2.0",
			"optional": true,
			"os": [
				"linux"
			],
			"engines": {
				"node": ">=14.21.3"
			}
		},
		"node_modules/@biomejs/cli-win32-arm64": {
			"version": "1.9.4",
			"resolved": "https://registry.npmjs.org/@biomejs/cli-win32-arm64/-/cli-win32-arm64-1.9.4.tgz",
			"integrity": "sha512-tlbhLk+WXZmgwoIKwHIHEBZUwxml7bRJgk0X2sPyNR3S93cdRq6XulAZRQJ17FYGGzWne0fgrXBKpl7l4M87Hg==",
			"cpu": [
				"arm64"
			],
			"dev": true,
			"license": "MIT OR Apache-2.0",
			"optional": true,
			"os": [
				"win32"
			],
			"engines": {
				"node": ">=14.21.3"
			}
		},
		"node_modules/@biomejs/cli-win32-x64": {
			"version": "1.9.4",
			"resolved": "https://registry.npmjs.org/@biomejs/cli-win32-x64/-/cli-win32-x64-1.9.4.tgz",
			"integrity": "sha512-8Y5wMhVIPaWe6jw2H+KlEm4wP/f7EW3810ZLmDlrEEy5KvBsb9ECEfu/kMWD484ijfQ8+nIi0giMgu9g1UAuuA==",
			"cpu": [
				"x64"
			],
			"dev": true,
			"license": "MIT OR Apache-2.0",
			"optional": true,
			"os": [
				"win32"
			],
			"engines": {
				"node": ">=14.21.3"
			}
		},
		"node_modules/@leichtgewicht/ip-codec": {
			"version": "2.0.5",
			"resolved": "https://registry.npmjs.org/@leichtgewicht/ip-codec/-/ip-codec-2.0.5.tgz",
			"integrity": "sha512-Vo+PSpZG2/fmgmiNzYK9qWRh8h/CHrwD0mo1h1DzL4yzHNSfWYujGTYsWGreD000gcgmZ7K4Ys6Tx9TxtsKdDw==",
			"license": "MIT"
		},
		"node_modules/@serialport/bindings-cpp": {
			"version": "13.0.1",
			"resolved": "https://registry.npmjs.org/@serialport/bindings-cpp/-/bindings-cpp-13.0.1.tgz",
			"integrity": "sha512-j8nD5Om5MaQwzptncOiajIKj5RuMy7RiretZYmW4ZpaaLBc5XrapdojjL6AVwhpMWao8iSstlwEx/hpTIAp6mw==",
			"hasInstallScript": true,
			"license": "MIT",
			"dependencies": {
				"@serialport/bindings-interface": "1.2.2",
				"@serialport/parser-readline": "13.0.0",
				"debug": "4.4.0",
				"node-addon-api": "8.3.0",
				"node-gyp-build": "4.8.4"
			},
			"engines": {
				"node": ">=18.0.0"
			},
			"funding": {
				"url": "https://opencollective.com/serialport/donate"
			}
		},
		"node_modules/@serialport/bindings-interface": {
			"version": "1.2.2",
			"resolved": "https://registry.npmjs.org/@serialport/bindings-interface/-/bindings-interface-1.2.2.tgz",
			"integrity": "sha512-CJaUd5bLvtM9c5dmO9rPBHPXTa9R2UwpkJ0wdh9JCYcbrPWsKz+ErvR0hBLeo7NPeiFdjFO4sonRljiw4d2XiA==",
			"license": "MIT",
			"engines": {
				"node": "^12.22 || ^14.13 || >=16"
			}
		},
		"node_modules/@serialport/parser-delimiter": {
			"version": "13.0.0",
			"resolved": "https://registry.npmjs.org/@serialport/parser-delimiter/-/parser-delimiter-13.0.0.tgz",
			"integrity": "sha512-Qqyb0FX1avs3XabQqNaZSivyVbl/yl0jywImp7ePvfZKLwx7jBZjvL+Hawt9wIG6tfq6zbFM24vzCCK7REMUig==",
			"license": "MIT",
			"engines": {
				"node": ">=20.0.0"
			},
			"funding": {
				"url": "https://opencollective.com/serialport/donate"
			}
		},
		"node_modules/@serialport/parser-readline": {
			"version": "13.0.0",
			"resolved": "https://registry.npmjs.org/@serialport/parser-readline/-/parser-readline-13.0.0.tgz",
			"integrity": "sha512-dov3zYoyf0dt1Sudd1q42VVYQ4WlliF0MYvAMA3MOyiU1IeG4hl0J6buBA2w4gl3DOCC05tGgLDN/3yIL81gsA==",
			"license": "MIT",
			"dependencies": {
				"@serialport/parser-delimiter": "13.0.0"
			},
			"engines": {
				"node": ">=20.0.0"
			},
			"funding": {
				"url": "https://opencollective.com/serialport/donate"
			}
		},
		"node_modules/@serialport/stream": {
			"version": "13.0.0",
			"resolved": "https://registry.npmjs.org/@serialport/stream/-/stream-13.0.0.tgz",
			"integrity": "sha512-F7xLJKsjGo2WuEWMSEO1SimRcOA+WtWICsY13r0ahx8s2SecPQH06338g28OT7cW7uRXI7oEQAk62qh5gHJW3g==",
			"license": "MIT",
			"dependencies": {
				"@serialport/bindings-interface": "1.2.2",
				"debug": "4.4.0"
			},
			"engines": {
				"node": ">=20.0.0"
			},
			"funding": {
				"url": "https://opencollective.com/serialport/donate"
			}
		},
		"node_modules/bonjour-service": {
			"version": "1.3.0",
			"resolved": "https://registry.npmjs.org/bonjour-service/-/bonjour-service-1.3.0.tgz",
			"integrity": "sha512-3YuAUiSkWykd+2Azjgyxei8OWf8thdn8AITIog2M4UICzoqfjlqr64WIjEXZllf/W6vK1goqleSR6brGomxQqA==",
			"license": "MIT",
			"dependencies": {
				"fast-deep-equal": "^3.1.3",
				"multicast-dns": "^7.2.5"
			}
		},
		"node_modules/buffer-crc32": {
			"version": "1.0.0",
			"resolved": "https://registry.npmjs.org/buffer-crc32/-/buffer-crc32-1.0.0.tgz",
			"integrity": "sha512-Db1SbgBS/fg/392AblrMJk97KggmvYhr4pB5ZIMTWtaivCPMWLkmb7m21cJvpvgK+J3nsU2CmmixNBZx4vFj/w==",
			"license": "MIT",
			"engines": {
				"node": ">=8.0.0"
			}
		},
		"node_modules/debounce": {
			"version": "2.2.0",
			"resolved": "https://registry.npmjs.org/debounce/-/debounce-2.2.0.tgz",
			"integrity": "sha512-Xks6RUDLZFdz8LIdR6q0MTH44k7FikOmnh5xkSjMig6ch45afc8sjTjRQf3P6ax8dMgcQrYO/AR2RGWURrruqw==",
			"license": "MIT",
			"engines": {
				"node": ">=18"
			},
			"funding": {
				"url": "https://github.com/sponsors/sindresorhus"
			}
		},
		"node_modules/debug": {
			"version": "4.4.0",
			"resolved": "https://registry.npmjs.org/debug/-/debug-4.4.0.tgz",
			"integrity": "sha512-6WTZ/IxCY/T6BALoZHaE4ctp9xm+Z5kY/pzYaCHRFeyVhojxlrm+46y68HA6hr0TcwEssoxNiDEUJQjfPZ/RYA==",
			"license": "MIT",
			"dependencies": {
				"ms": "^2.1.3"
			},
			"engines": {
				"node": ">=6.0"
			},
			"peerDependenciesMeta": {
				"supports-color": {
					"optional": true
				}
			}
		},
		"node_modules/dns-packet": {
			"version": "5.6.1",
			"resolved": "https://registry.npmjs.org/dns-packet/-/dns-packet-5.6.1.tgz",
			"integrity": "sha512-l4gcSouhcgIKRvyy99RNVOgxXiicE+2jZoNmaNmZ6JXiGajBOJAesk1OBlJuM5k2c+eudGdLxDqXuPCKIj6kpw==",
			"license": "MIT",
			"dependencies": {
				"@leichtgewicht/ip-codec": "^2.0.1"
			},
			"engines": {
				"node": ">=6"
			}
		},
		"node_modules/fast-deep-equal": {
			"version": "3.1.3",
			"resolved": "https://registry.npmjs.org/fast-deep-equal/-/fast-deep-equal-3.1.3.tgz",
			"integrity": "sha512-f3qQ9oQy9j2AhBe/H9VC91wLmKBCCU/gDOnKNAYG5hswO7BLKj09Hc5HYNz9cGI++xlpDCIgDaitVs03ATR84Q==",
			"license": "MIT"
		},
		"node_modules/iconv-lite": {
			"version": "0.6.3",
			"resolved": "https://registry.npmjs.org/iconv-lite/-/iconv-lite-0.6.3.tgz",
			"integrity": "sha512-4fCk79wshMdzMp2rH06qWrJE4iolqLhCUH+OiuIgU++RB0+94NlDL81atO7GX55uUKueo0txHNtvEyI6D7WdMw==",
			"license": "MIT",
			"dependencies": {
				"safer-buffer": ">= 2.1.2 < 3.0.0"
			},
			"engines": {
				"node": ">=0.10.0"
			}
		},
		"node_modules/mixin-deep": {
			"version": "2.0.1",
			"resolved": "https://registry.npmjs.org/mixin-deep/-/mixin-deep-2.0.1.tgz",
			"integrity": "sha512-imbHQNRglyaplMmjBLL3V5R6Bfq5oM+ivds3SKgc6oRtzErEnBUUc5No11Z2pilkUvl42gJvi285xTNswcKCMA==",
			"license": "MIT",
			"engines": {
				"node": ">=6"
			}
		},
		"node_modules/ms": {
			"version": "2.1.3",
			"resolved": "https://registry.npmjs.org/ms/-/ms-2.1.3.tgz",
			"integrity": "sha512-6FlzubTLZG3J2a/NVCAleEhjzq5oxgHyaCU9yYXvcLsvoVaHJq/s5xXI6/XXP6tz7R9xAOtHnSO/tXtF3WRTlA==",
			"license": "MIT"
		},
		"node_modules/multicast-dns": {
			"version": "7.2.5",
			"resolved": "https://registry.npmjs.org/multicast-dns/-/multicast-dns-7.2.5.tgz",
			"integrity": "sha512-2eznPJP8z2BFLX50tf0LuODrpINqP1RVIm/CObbTcBRITQgmC/TjcREF1NeTBzIcR5XO/ukWo+YHOjBbFwIupg==",
			"license": "MIT",
			"dependencies": {
				"dns-packet": "^5.2.2",
				"thunky": "^1.0.2"
			},
			"bin": {
				"multicast-dns": "cli.js"
			}
		},
		"node_modules/node-addon-api": {
			"version": "8.3.0",
			"resolved": "https://registry.npmjs.org/node-addon-api/-/node-addon-api-8.3.0.tgz",
			"integrity": "sha512-8VOpLHFrOQlAH+qA0ZzuGRlALRA6/LVh8QJldbrC4DY0hXoMP0l4Acq8TzFC018HztWiRqyCEj2aTWY2UvnJUg==",
			"license": "MIT",
			"engines": {
				"node": "^18 || ^20 || >= 21"
			}
		},
		"node_modules/node-gyp-build": {
			"version": "4.8.4",
			"resolved": "https://registry.npmjs.org/node-gyp-build/-/node-gyp-build-4.8.4.tgz",
			"integrity": "sha512-LA4ZjwlnUblHVgq0oBF3Jl/6h/Nvs5fzBLwdEF4nuxnFdsfajde4WfxtJr3CaiH+F6ewcIB/q4jQ4UzPyid+CQ==",
			"license": "MIT",
			"bin": {
				"node-gyp-build": "bin.js",
				"node-gyp-build-optional": "optional.js",
				"node-gyp-build-test": "build-test.js"
			}
		},
		"node_modules/safer-buffer": {
			"version": "2.1.2",
			"resolved": "https://registry.npmjs.org/safer-buffer/-/safer-buffer-2.1.2.tgz",
			"integrity": "sha512-YZo3K82SD7Riyi0E1EQPojLz7kpepnSQI9IyPbHHg1XXXevb5dJI7tpyN2ADxGcQbHG7vcyRHk0cbwqcQriUtg==",
			"license": "MIT"
		},
		"node_modules/semver": {
			"version": "7.7.1",
			"resolved": "https://registry.npmjs.org/semver/-/semver-7.7.1.tgz",
			"integrity": "sha512-hlq8tAfn0m/61p4BVRcPzIGr6LKiMwo4VM6dGi6pt4qcRkmNzTcWq6eCEjEh+qXjkMDvPlOFFSGwQjoEa6gyMA==",
			"license": "ISC",
			"bin": {
				"semver": "bin/semver.js"
			},
			"engines": {
				"node": ">=10"
			}
		},
		"node_modules/slip": {
			"version": "1.0.2",
			"resolved": "https://registry.npmjs.org/slip/-/slip-1.0.2.tgz",
			"integrity": "sha512-XrcHe3NAcyD3wO+O4I13RcS4/3AF+S9RvGNj9JhJeS02HyImwD2E3QWLrmn9hBfL+fB6yapagwxRkeyYzhk98g==",
			"license": "(MIT OR GPL-2.0)"
		},
		"node_modules/thunky": {
			"version": "1.1.0",
			"resolved": "https://registry.npmjs.org/thunky/-/thunky-1.1.0.tgz",
			"integrity": "sha512-eHY7nBftgThBqOyHGVN+l8gF0BucP09fMo0oO/Lb0w1OF80dJv+lDVpXG60WMQvkcxAkNybKsrEIE3ZtKGmPrA==",
			"license": "MIT"
		},
		"node_modules/zigbee-herdsman": {
			"version": "4.1.1",
			"resolved": "https://registry.npmjs.org/zigbee-herdsman/-/zigbee-herdsman-4.1.1.tgz",
			"integrity": "sha512-RZ5etZlfWPul5oE0MmpbxuFFeL71PzTteklZKcIDdyCQTuljP8yQNCbpxofXMivyYwi0+zyYd9smZnSrmKi1PA==",
			"license": "MIT",
			"dependencies": {
				"@serialport/bindings-cpp": "^13.0.1",
				"@serialport/parser-delimiter": "^13.0.0",
				"@serialport/stream": "^13.0.0",
				"bonjour-service": "^1.3.0",
				"debounce": "^2.2.0",
				"fast-deep-equal": "^3.1.3",
				"mixin-deep": "^2.0.1",
				"slip": "^1.0.2",
				"zigbee-on-host": "^0.1.12"
			}
		},
		"node_modules/zigbee-herdsman-converters": {
			"version": "23.58.0",
			"resolved": "https://registry.npmjs.org/zigbee-herdsman-converters/-/zigbee-herdsman-converters-23.58.0.tgz",
			"integrity": "sha512-yHqzCNDSILkEa8590tcitNEtNNHVXlBfB7c6KILQoBRhHaB3fu8riSCwtSNXiKCMU/KYXHoK6K+ps+8pYDphQA==",
			"license": "MIT",
			"dependencies": {
				"buffer-crc32": "^1.0.0",
				"iconv-lite": "^0.6.3",
				"semver": "^7.7.1",
				"zigbee-herdsman": "^4.0.0"
			}
		},
		"node_modules/zigbee-on-host": {
			"version": "0.1.12",
			"resolved": "https://registry.npmjs.org/zigbee-on-host/-/zigbee-on-host-0.1.12.tgz",
			"integrity": "sha512-ZhYaDIZpQlgSKzcrfoJgQ85UYk26nzRILFBF2n9GUpiyBFrKOQ5zSqLCQW8XroiD9ndFPDiiKzunmsty20GyfQ==",
			"license": "GPL-3.0-or-later",
			"engines": {
				"node": ">=20.17.0"
			}
		}
	}
}
